
Microsoft Visual Studio Solution File, Format Version 12.00
# Visual Studio 15
VisualStudioVersion = 15.0.27428.1
MinimumVisualStudioVersion = 10.0.40219.1
Project("{FAE04EC0-301F-11D3-BF4B-00C04F79EFBC}") = "SchoolApp", "SchoolApp\SchoolApp.csproj", "{42E7B614-D804-4D6A-8F24-779C1DBCD219}"
EndProject
Global
	GlobalSection(SolutionConfigurationPlatforms) = preSolution
		Debug|Any CPU = Debug|Any CPU
		Release|Any CPU = Release|Any CPU
	EndGlobalSection
	GlobalSection(ProjectConfigurationPlatforms) = postSolution
		{42E7B614-D804-4D6A-8F24-779C1DBCD219}.Debug|Any CPU.ActiveCfg = Debug|Any CPU
		{42E7B614-D804-4D6A-8F24-779C1DBCD219}.Debug|Any CPU.Build.0 = Debug|Any CPU
		{42E7B614-D804-4D6A-8F24-779C1DBCD219}.Release|Any CPU.ActiveCfg = Release|Any CPU
		{42E7B614-D804-4D6A-8F24-779C1DBCD219}.Release|Any CPU.Build.0 = Release|Any CPU
	EndGlobalSection
	GlobalSection(SolutionProperties) = preSolution
		HideSolutionNode = FALSE
	EndGlobalSection
	GlobalSection(ExtensibilityGlobals) = postSolution
		SolutionGuid = {B11C2846-E6AF-4DE6-959D-D0B43E8C8D5E}
	EndGlobalSection
EndGlobal
